
Microsoft Visual Studio Solution File, Format Version 12.00
# Visual Studio 14
VisualStudioVersion = 14.0.24720.0
MinimumVisualStudioVersion = 10.0.40219.1
Project("{8BB2217D-0F2D-49D1-97BC-3654ED321F3B}") = "ConsoleFramework", "ConsoleFramework\ConsoleFramework.xproj", "{6DBBFF63-89DF-4643-9727-63439C15AFD9}"
EndProject
Project("{8BB2217D-0F2D-49D1-97BC-3654ED321F3B}") = "Binding", "Binding\Binding.xproj", "{BC97F8D6-4730-484C-8ED0-80875ED97C84}"
EndProject
Project("{8BB2217D-0F2D-49D1-97BC-3654ED321F3B}") = "Xaml", "Xaml\Xaml.xproj", "{E6F96BC6-5EEB-4768-81D3-FAAD1F0A03B7}"
EndProject
Global
	GlobalSection(SolutionConfigurationPlatforms) = preSolution
		Debug|Any CPU = Debug|Any CPU
		Release|Any CPU = Release|Any CPU
	EndGlobalSection
	GlobalSection(ProjectConfigurationPlatforms) = postSolution
		{6DBBFF63-89DF-4643-9727-63439C15AFD9}.Debug|Any CPU.ActiveCfg = Debug|Any CPU
		{6DBBFF63-89DF-4643-9727-63439C15AFD9}.Debug|Any CPU.Build.0 = Debug|Any CPU
		{6DBBFF63-89DF-4643-9727-63439C15AFD9}.Release|Any CPU.ActiveCfg = Release|Any CPU
		{6DBBFF63-89DF-4643-9727-63439C15AFD9}.Release|Any CPU.Build.0 = Release|Any CPU
		{BC97F8D6-4730-484C-8ED0-80875ED97C84}.Debug|Any CPU.ActiveCfg = Debug|Any CPU
		{BC97F8D6-4730-484C-8ED0-80875ED97C84}.Debug|Any CPU.Build.0 = Debug|Any CPU
		{BC97F8D6-4730-484C-8ED0-80875ED97C84}.Release|Any CPU.ActiveCfg = Release|Any CPU
		{BC97F8D6-4730-484C-8ED0-80875ED97C84}.Release|Any CPU.Build.0 = Release|Any CPU
		{E6F96BC6-5EEB-4768-81D3-FAAD1F0A03B7}.Debug|Any CPU.ActiveCfg = Debug|Any CPU
		{E6F96BC6-5EEB-4768-81D3-FAAD1F0A03B7}.Debug|Any CPU.Build.0 = Debug|Any CPU
		{E6F96BC6-5EEB-4768-81D3-FAAD1F0A03B7}.Release|Any CPU.ActiveCfg = Release|Any CPU
		{E6F96BC6-5EEB-4768-81D3-FAAD1F0A03B7}.Release|Any CPU.Build.0 = Release|Any CPU
	EndGlobalSection
	GlobalSection(SolutionProperties) = preSolution
		HideSolutionNode = FALSE
	EndGlobalSection
EndGlobal
